<?xml version="1.0" encoding="utf-8"?>
<Project ToolsVersion="4.0" xmlns="http://schemas.microsoft.com/developer/msbuild/2003">
   <ItemGroup>
      <Filter Include="Source Files">
         <UniqueIdentifier>{18a92d0e-689c-4129-950c-e66cf68381dd}</UniqueIdentifier>
         <Extensions>cpp;c;cxx;rc;def;r;odl;idl;hpj;bat;cc</Extensions>
      </Filter>
      <Filter Include="Source Files\lib">
         <UniqueIdentifier>{2b933093-4d8c-4cea-ac9f-1106453c9e4d}</UniqueIdentifier>
      </Filter>
      <Filter Include="Source Files\lib\include">
         <UniqueIdentifier>{56088245-eaf9-4b0a-98ba-b7956ebc7d4c}</UniqueIdentifier>
      </Filter>
      <Filter Include="Source Files\lib\lib">
         <UniqueIdentifier>{48188415-cfb1-4284-b9de-bed265f036f9}</UniqueIdentifier>
      </Filter>
   </ItemGroup>
  <ItemGroup>
    <ResourceCompile Include="Torque.rc">
      <Filter>Source Files</Filter>
    </ResourceCompile>
  </ItemGroup>
   <ItemGroup>
      <ClCompile Include="C:\Users\nes\Source\Repos\OmniEngine.Net\Engine\lib\libtheora\lib\analyze.c">
         <Filter>Source Files\lib\lib</Filter>
      </ClCompile>
      <ClCompile Include="C:\Users\nes\Source\Repos\OmniEngine.Net\Engine\lib\libtheora\lib\apiwrapper.c">
         <Filter>Source Files\lib\lib</Filter>
      </ClCompile>
      <ClCompile Include="C:\Users\nes\Source\Repos\OmniEngine.Net\Engine\lib\libtheora\lib\bitpack.c">
         <Filter>Source Files\lib\lib</Filter>
      </ClCompile>
      <ClCompile Include="C:\Users\nes\Source\Repos\OmniEngine.Net\Engine\lib\libtheora\lib\cpu.c">
         <Filter>Source Files\lib\lib</Filter>
      </ClCompile>
      <ClCompile Include="C:\Users\nes\Source\Repos\OmniEngine.Net\Engine\lib\libtheora\lib\decapiwrapper.c">
         <Filter>Source Files\lib\lib</Filter>
      </ClCompile>
      <ClCompile Include="C:\Users\nes\Source\Repos\OmniEngine.Net\Engine\lib\libtheora\lib\decinfo.c">
         <Filter>Source Files\lib\lib</Filter>
      </ClCompile>
      <ClCompile Include="C:\Users\nes\Source\Repos\OmniEngine.Net\Engine\lib\libtheora\lib\decode.c">
         <Filter>Source Files\lib\lib</Filter>
      </ClCompile>
      <ClCompile Include="C:\Users\nes\Source\Repos\OmniEngine.Net\Engine\lib\libtheora\lib\dequant.c">
         <Filter>Source Files\lib\lib</Filter>
      </ClCompile>
      <ClCompile Include="C:\Users\nes\Source\Repos\OmniEngine.Net\Engine\lib\libtheora\lib\encapiwrapper.c">
         <Filter>Source Files\lib\lib</Filter>
      </ClCompile>
      <ClCompile Include="C:\Users\nes\Source\Repos\OmniEngine.Net\Engine\lib\libtheora\lib\encfrag.c">
         <Filter>Source Files\lib\lib</Filter>
      </ClCompile>
      <ClCompile Include="C:\Users\nes\Source\Repos\OmniEngine.Net\Engine\lib\libtheora\lib\encinfo.c">
         <Filter>Source Files\lib\lib</Filter>
      </ClCompile>
      <ClCompile Include="C:\Users\nes\Source\Repos\OmniEngine.Net\Engine\lib\libtheora\lib\encode.c">
         <Filter>Source Files\lib\lib</Filter>
      </ClCompile>
      <ClCompile Include="C:\Users\nes\Source\Repos\OmniEngine.Net\Engine\lib\libtheora\lib\enquant.c">
         <Filter>Source Files\lib\lib</Filter>
      </ClCompile>
      <ClCompile Include="C:\Users\nes\Source\Repos\OmniEngine.Net\Engine\lib\libtheora\lib\fdct.c">
         <Filter>Source Files\lib\lib</Filter>
      </ClCompile>
      <ClCompile Include="C:\Users\nes\Source\Repos\OmniEngine.Net\Engine\lib\libtheora\lib\fragment.c">
         <Filter>Source Files\lib\lib</Filter>
      </ClCompile>
      <ClCompile Include="C:\Users\nes\Source\Repos\OmniEngine.Net\Engine\lib\libtheora\lib\huffdec.c">
         <Filter>Source Files\lib\lib</Filter>
      </ClCompile>
      <ClCompile Include="C:\Users\nes\Source\Repos\OmniEngine.Net\Engine\lib\libtheora\lib\huffenc.c">
         <Filter>Source Files\lib\lib</Filter>
      </ClCompile>
      <ClCompile Include="C:\Users\nes\Source\Repos\OmniEngine.Net\Engine\lib\libtheora\lib\idct.c">
         <Filter>Source Files\lib\lib</Filter>
      </ClCompile>
      <ClCompile Include="C:\Users\nes\Source\Repos\OmniEngine.Net\Engine\lib\libtheora\lib\info.c">
         <Filter>Source Files\lib\lib</Filter>
      </ClCompile>
      <ClCompile Include="C:\Users\nes\Source\Repos\OmniEngine.Net\Engine\lib\libtheora\lib\internal.c">
         <Filter>Source Files\lib\lib</Filter>
      </ClCompile>
      <ClCompile Include="C:\Users\nes\Source\Repos\OmniEngine.Net\Engine\lib\libtheora\lib\mathops.c">
         <Filter>Source Files\lib\lib</Filter>
      </ClCompile>
      <ClCompile Include="C:\Users\nes\Source\Repos\OmniEngine.Net\Engine\lib\libtheora\lib\mcenc.c">
         <Filter>Source Files\lib\lib</Filter>
      </ClCompile>
      <ClCompile Include="C:\Users\nes\Source\Repos\OmniEngine.Net\Engine\lib\libtheora\lib\quant.c">
         <Filter>Source Files\lib\lib</Filter>
      </ClCompile>
      <ClCompile Include="C:\Users\nes\Source\Repos\OmniEngine.Net\Engine\lib\libtheora\lib\rate.c">
         <Filter>Source Files\lib\lib</Filter>
      </ClCompile>
      <ClCompile Include="C:\Users\nes\Source\Repos\OmniEngine.Net\Engine\lib\libtheora\lib\state.c">
         <Filter>Source Files\lib\lib</Filter>
      </ClCompile>
      <ClCompile Include="C:\Users\nes\Source\Repos\OmniEngine.Net\Engine\lib\libtheora\lib\tokenize.c">
         <Filter>Source Files\lib\lib</Filter>
      </ClCompile>
   </ItemGroup>
   <ItemGroup>
      <ClInclude Include="C:\Users\nes\Source\Repos\OmniEngine.Net\Engine\lib\libtheora\include\theora\codec.h">
         <Filter>Source Files\lib\include</Filter>
      </ClInclude>
      <ClInclude Include="C:\Users\nes\Source\Repos\OmniEngine.Net\Engine\lib\libtheora\include\theora\theora.h">
         <Filter>Source Files\lib\include</Filter>
      </ClInclude>
      <ClInclude Include="C:\Users\nes\Source\Repos\OmniEngine.Net\Engine\lib\libtheora\include\theora\theoradec.h">
         <Filter>Source Files\lib\include</Filter>
      </ClInclude>
      <ClInclude Include="C:\Users\nes\Source\Repos\OmniEngine.Net\Engine\lib\libtheora\include\theora\theoraenc.h">
         <Filter>Source Files\lib\include</Filter>
      </ClInclude>
      <ClInclude Include="C:\Users\nes\Source\Repos\OmniEngine.Net\Engine\lib\libtheora\lib\apiwrapper.h">
         <Filter>Source Files\lib\lib</Filter>
      </ClInclude>
      <ClInclude Include="C:\Users\nes\Source\Repos\OmniEngine.Net\Engine\lib\libtheora\lib\bitpack.h">
         <Filter>Source Files\lib\lib</Filter>
      </ClInclude>
      <ClInclude Include="C:\Users\nes\Source\Repos\OmniEngine.Net\Engine\lib\libtheora\lib\cpu.h">
         <Filter>Source Files\lib\lib</Filter>
      </ClInclude>
      <ClInclude Include="C:\Users\nes\Source\Repos\OmniEngine.Net\Engine\lib\libtheora\lib\dct.h">
         <Filter>Source Files\lib\lib</Filter>
      </ClInclude>
      <ClInclude Include="C:\Users\nes\Source\Repos\OmniEngine.Net\Engine\lib\libtheora\lib\decint.h">
         <Filter>Source Files\lib\lib</Filter>
      </ClInclude>
      <ClInclude Include="C:\Users\nes\Source\Repos\OmniEngine.Net\Engine\lib\libtheora\lib\dequant.h">
         <Filter>Source Files\lib\lib</Filter>
      </ClInclude>
      <ClInclude Include="C:\Users\nes\Source\Repos\OmniEngine.Net\Engine\lib\libtheora\lib\encint.h">
         <Filter>Source Files\lib\lib</Filter>
      </ClInclude>
      <ClInclude Include="C:\Users\nes\Source\Repos\OmniEngine.Net\Engine\lib\libtheora\lib\enquant.h">
         <Filter>Source Files\lib\lib</Filter>
      </ClInclude>
      <ClInclude Include="C:\Users\nes\Source\Repos\OmniEngine.Net\Engine\lib\libtheora\lib\huffdec.h">
         <Filter>Source Files\lib\lib</Filter>
      </ClInclude>
      <ClInclude Include="C:\Users\nes\Source\Repos\OmniEngine.Net\Engine\lib\libtheora\lib\huffenc.h">
         <Filter>Source Files\lib\lib</Filter>
      </ClInclude>
      <ClInclude Include="C:\Users\nes\Source\Repos\OmniEngine.Net\Engine\lib\libtheora\lib\huffman.h">
         <Filter>Source Files\lib\lib</Filter>
      </ClInclude>
      <ClInclude Include="C:\Users\nes\Source\Repos\OmniEngine.Net\Engine\lib\libtheora\lib\internal.h">
         <Filter>Source Files\lib\lib</Filter>
      </ClInclude>
      <ClInclude Include="C:\Users\nes\Source\Repos\OmniEngine.Net\Engine\lib\libtheora\lib\mathops.h">
         <Filter>Source Files\lib\lib</Filter>
      </ClInclude>
      <ClInclude Include="C:\Users\nes\Source\Repos\OmniEngine.Net\Engine\lib\libtheora\lib\modedec.h">
         <Filter>Source Files\lib\lib</Filter>
      </ClInclude>
      <ClInclude Include="C:\Users\nes\Source\Repos\OmniEngine.Net\Engine\lib\libtheora\lib\ocintrin.h">
         <Filter>Source Files\lib\lib</Filter>
      </ClInclude>
      <ClInclude Include="C:\Users\nes\Source\Repos\OmniEngine.Net\Engine\lib\libtheora\lib\quant.h">
         <Filter>Source Files\lib\lib</Filter>
      </ClInclude>
   </ItemGroup>
   <ItemGroup>
   </ItemGroup>
</Project>